
Microsoft Visual Studio Solution File, Format Version 12.00
# Visual Studio Version 16
VisualStudioVersion = 16.0.29123.88
MinimumVisualStudioVersion = 10.0.40219.1
Project("{F184B08F-C81C-45F6-A57F-5ABD9991F28F}") = "SRtimerv19", "SRtimerv19.vbproj", "{8548D86C-48F0-472B-9571-DEE69124F832}"
EndProject
Global
	GlobalSection(SolutionConfigurationPlatforms) = preSolution
		Debug|Any CPU = Debug|Any CPU
		Release|Any CPU = Release|Any CPU
	EndGlobalSection
	GlobalSection(ProjectConfigurationPlatforms) = postSolution
		{8548D86C-48F0-472B-9571-DEE69124F832}.Debug|Any CPU.ActiveCfg = Debug|Any CPU
		{8548D86C-48F0-472B-9571-DEE69124F832}.Debug|Any CPU.Build.0 = Debug|Any CPU
		{8548D86C-48F0-472B-9571-DEE69124F832}.Release|Any CPU.ActiveCfg = Release|Any CPU
		{8548D86C-48F0-472B-9571-DEE69124F832}.Release|Any CPU.Build.0 = Release|Any CPU
	EndGlobalSection
	GlobalSection(SolutionProperties) = preSolution
		HideSolutionNode = FALSE
	EndGlobalSection
	GlobalSection(ExtensibilityGlobals) = postSolution
		SolutionGuid = {F8537C14-B368-4D5B-9489-4380F4AD34D9}
	EndGlobalSection
EndGlobal
